
Microsoft Visual Studio Solution File, Format Version 12.00
# Visual Studio Version 16
VisualStudioVersion = 16.0.30804.86
MinimumVisualStudioVersion = 10.0.40219.1
Project("{FAE04EC0-301F-11D3-BF4B-00C04F79EFBC}") = "GZipTest", "GZipTest\GZipTest.csproj", "{121347A2-E47D-4CDE-A767-2DC2475848ED}"
EndProject
Project("{FAE04EC0-301F-11D3-BF4B-00C04F79EFBC}") = "GZipTest.Test", "GZipTest.Test\GZipTest.Test.csproj", "{11DEB6DF-9418-48CC-982E-13458EDB61E3}"
EndProject
Global
	GlobalSection(SolutionConfigurationPlatforms) = preSolution
		Debug|Any CPU = Debug|Any CPU
		Release|Any CPU = Release|Any CPU
	EndGlobalSection
	GlobalSection(ProjectConfigurationPlatforms) = postSolution
		{121347A2-E47D-4CDE-A767-2DC2475848ED}.Debug|Any CPU.ActiveCfg = Debug|Any CPU
		{121347A2-E47D-4CDE-A767-2DC2475848ED}.Debug|Any CPU.Build.0 = Debug|Any CPU
		{121347A2-E47D-4CDE-A767-2DC2475848ED}.Release|Any CPU.ActiveCfg = Release|Any CPU
		{121347A2-E47D-4CDE-A767-2DC2475848ED}.Release|Any CPU.Build.0 = Release|Any CPU
		{11DEB6DF-9418-48CC-982E-13458EDB61E3}.Debug|Any CPU.ActiveCfg = Debug|Any CPU
		{11DEB6DF-9418-48CC-982E-13458EDB61E3}.Debug|Any CPU.Build.0 = Debug|Any CPU
		{11DEB6DF-9418-48CC-982E-13458EDB61E3}.Release|Any CPU.ActiveCfg = Release|Any CPU
		{11DEB6DF-9418-48CC-982E-13458EDB61E3}.Release|Any CPU.Build.0 = Release|Any CPU
	EndGlobalSection
	GlobalSection(SolutionProperties) = preSolution
		HideSolutionNode = FALSE
	EndGlobalSection
	GlobalSection(ExtensibilityGlobals) = postSolution
		SolutionGuid = {89522EAB-E2EE-49E3-A65A-2EE83FFF188E}
	EndGlobalSection
EndGlobal
